{
    "_meta": {
        "hash": {
            "sha256": "4b4cff9fb35271eeb1fc5533ffe221d9a08e1ce178ebb1b13889cab9d7cb2f7d"
        },
        "pipfile-spec": 6,
        "requires": {
            "python_version": "3.9"
        },
        "sources": [
            {
                "name": "pypi",
                "url": "https://pypi.org/simple",
                "verify_ssl": true
            }
        ]
    },
    "default": {
        "asgiref": {
            "hashes": [
                "sha256:5f184dc43b7e763efe848065441eac62229c9f7b0475f41f80e207a114eda4ce",
                "sha256:e8667a091e69529631969fd45dc268fa79b99c92c5fcdda727757e52146ec133"
            ],
            "markers": "python_version >= '3.9'",
            "version": "==3.11.1"
        },
        "certifi": {
            "hashes": [
                "sha256:9943707519e4add1115f44c2bc244f782c0249876bf51b6599fee1ffbedd685c",
                "sha256:ac726dd470482006e014ad384921ed6438c457018f4b3d204aea4281258b2120"
            ],
            "markers": "python_version >= '3.7'",
            "version": "==2026.1.4"
        },
        "charset-normalizer": {
            "hashes": [
                "sha256:027f6de494925c0ab2a55eab46ae5129951638a49a34d87f4c3eda90f696b4ad",
                "sha256:077fbb858e903c73f6c9db43374fd213b0b6a778106bc7032446a8e8b5b38b93",
                "sha256:0a98e6759f854bd25a58a73fa88833fba3b7c491169f86ce1180c948ab3fd394",
                "sha256:0d3d8f15c07f86e9ff82319b3d9ef6f4bf907608f53fe9d92b28ea9ae3d1fd89",
                "sha256:0f04b14ffe5fdc8c4933862d8306109a2c51e0704acfa35d51598eb45a1e89fc",
                "sha256:11d694519d7f29d6cd09f6ac70028dba10f92f6cdd059096db198c283794ac86",
                "sha256:194f08cbb32dc406d6e1aea671a68be0823673db2832b38405deba2fb0d88f63",
                "sha256:1bee1e43c28aa63cb16e5c14e582580546b08e535299b8b6158a7c9c768a1f3d",
                "sha256:21d142cc6c0ec30d2efee5068ca36c128a30b0f2c53c1c07bd78cb6bc1d3be5f",
                "sha256:2437418e20515acec67d86e12bf70056a33abdacb5cb1655042f6538d6b085a8",
                "sha256:244bfb999c71b35de57821b8ea746b24e863398194a4014e4c76adc2bbdfeff0",
                "sha256:2677acec1a2f8ef614c6888b5b4ae4060cc184174a938ed4e8ef690e15d3e505",
                "sha256:277e970e750505ed74c832b4bf75dac7476262ee2a013f5574dd49075879e161",
                "sha256:2aaba3b0819274cc41757a1da876f810a3e4d7b6eb25699253a4effef9e8e4af",
                "sha256:2b7d8f6c26245217bd2ad053761201e9f9680f8ce52f0fcd8d0755aeae5b2152",
                "sha256:2c9d3c380143a1fedbff95a312aa798578371eb29da42106a29019368a475318",
                "sha256:3162d5d8ce1bb98dd51af660f2121c55d0fa541b46dff7bb9b9f86ea1d87de72",
                "sha256:31fd66405eaf47bb62e8cd575dc621c56c668f27d46a61d975a249930dd5e2a4",
                "sha256:362d61fd13843997c1c446760ef36f240cf81d3ebf74ac62652aebaf7838561e",
                "sha256:376bec83a63b8021bb5c8ea75e21c4ccb86e7e45ca4eb81146091b56599b80c3",
                "sha256:44c2a8734b333e0578090c4cd6b16f275e07aa6614ca8715e6c038e865e70576",
                "sha256:47cc91b2f4dd2833fddaedd2893006b0106129d4b94fdb6af1f4ce5a9965577c",
                "sha256:4902828217069c3c5c71094537a8e623f5d097858ac6ca8252f7b4d10b7560f1",
                "sha256:4bd5d4137d500351a30687c2d3971758aac9a19208fc110ccb9d7188fbe709e8",
                "sha256:4fe7859a4e3e8457458e2ff592f15ccb02f3da787fcd31e0183879c3ad4692a1",
                "sha256:542d2cee80be6f80247095cc36c418f7bddd14f4a6de45af91dfad36d817bba2",
                "sha256:554af85e960429cf30784dd47447d5125aaa3b99a6f0683589dbd27e2f45da44",
                "sha256:5833d2c39d8896e4e19b689ffc198f08ea58116bee26dea51e362ecc7cd3ed26",
                "sha256:5947809c8a2417be3267efc979c47d76a079758166f7d43ef5ae8e9f92751f88",
                "sha256:5ae497466c7901d54b639cf42d5b8c1b6a4fead55215500d2f486d34db48d016",
                "sha256:5bd2293095d766545ec1a8f612559f6b40abc0eb18bb2f5d1171872d34036ede",
                "sha256:5bfbb1b9acf3334612667b61bd3002196fe2a1eb4dd74d247e0f2a4d50ec9bbf",
                "sha256:5cb4d72eea50c8868f5288b7f7f33ed276118325c1dfd3957089f6b519e1382a",
                "sha256:5dbe56a36425d26d6cfb40ce79c314a2e4dd6211d51d6d2191c00bed34f354cc",
                "sha256:5f819d5fe9234f9f82d75bdfa9aef3a3d72c4d24a6e57aeaebba32a704553aa0",
                "sha256:64b55f9dce520635f018f907ff1b0df1fdc31f2795a922fb49dd14fbcdf48c84",
                "sha256:6515f3182dbe4ea06ced2d9e8666d97b46ef4c75e326b79bb624110f122551db",
                "sha256:65e2befcd84bc6f37095f5961e68a6f077bf44946771354a28ad434c2cce0ae1",
                "sha256:6aee717dcfead04c6eb1ce3bd29ac1e22663cdea57f943c87d1eab9a025438d7",
                "sha256:6b39f987ae8ccdf0d2642338faf2abb1862340facc796048b604ef14919e55ed",
                "sha256:6e1fcf0720908f200cd21aa4e6750a48ff6ce4afe7ff5a79a90d5ed8a08296f8",
                "sha256:74018750915ee7ad843a774364e13a3db91682f26142baddf775342c3f5b1133",
                "sha256:74664978bb272435107de04e36db5a9735e78232b85b77d45cfb38f758efd33e",
                "sha256:74bb723680f9f7a6234dcf67aea57e708ec1fbdf5699fb91dfd6f511b0a320ef",
                "sha256:752944c7ffbfdd10c074dc58ec2d5a8a4cd9493b314d367c14d24c17684ddd14",
                "sha256:778d2e08eda00f4256d7f672ca9fef386071c9202f5e4607920b86d7803387f2",
                "sha256:780236ac706e66881f3b7f2f32dfe90507a09e67d1d454c762cf642e6e1586e0",
                "sha256:798d75d81754988d2565bff1b97ba5a44411867c0cf32b77a7e8f8d84796b10d",
                "sha256:799a7a5e4fb2d5898c60b640fd4981d6a25f1c11790935a44ce38c54e985f828",
                "sha256:7a32c560861a02ff789ad905a2fe94e3f840803362c84fecf1851cb4cf3dc37f",
                "sha256:7c308f7e26e4363d79df40ca5b2be1c6ba9f02bdbccfed5abddb7859a6ce72cf",
                "sha256:7fa17817dc5625de8a027cb8b26d9fefa3ea28c8253929b8d6649e705d2835b6",
                "sha256:81d5eb2a312700f4ecaa977a8235b634ce853200e828fbadf3a9c50bab278328",
                "sha256:82004af6c302b5d3ab2cfc4cc5f29db16123b1a8417f2e25f9066f91d4411090",
                "sha256:837c2ce8c5a65a2035be9b3569c684358dfbf109fd3b6969630a87535495ceaa",
                "sha256:840c25fb618a231545cbab0564a799f101b63b9901f2569faecd6b222ac72381",
                "sha256:8a6562c3700cce886c5be75ade4a5db4214fda19fede41d9792d100288d8f94c",
                "sha256:8af65f14dc14a79b924524b1e7fffe304517b2bff5a58bf64f30b98bbc5079eb",
                "sha256:8ef3c867360f88ac904fd3f5e1f902f13307af9052646963ee08ff4f131adafc",
                "sha256:94537985111c35f28720e43603b8e7b43a6ecfb2ce1d3058bbe955b73404e21a",
                "sha256:99ae2cffebb06e6c22bdc25801d7b30f503cc87dbd283479e7b606f70aff57ec",
                "sha256:9a26f18905b8dd5d685d6d07b0cdf98a79f3c7a918906af7cc143ea2e164c8bc",
                "sha256:9b35f4c90079ff2e2edc5b26c0c77925e5d2d255c42c74fdb70fb49b172726ac",
                "sha256:9cd98cdc06614a2f768d2b7286d66805f94c48cde050acdbbb7db2600ab3197e",
                "sha256:9d1bb833febdff5c8927f922386db610b49db6e0d4f4ee29601d71e7c2694313",
                "sha256:9f7fcd74d410a36883701fafa2482a6af2ff5ba96b9a620e9e0721e28ead5569",
                "sha256:a59cb51917aa591b1c4e6a43c132f0cdc3c76dbad6155df4e28ee626cc77a0a3",
                "sha256:a61900df84c667873b292c3de315a786dd8dac506704dea57bc957bd31e22c7d",
                "sha256:a79cfe37875f822425b89a82333404539ae63dbdddf97f84dcbc3d339aae9525",
                "sha256:a8a8b89589086a25749f471e6a900d3f662d1d3b6e2e59dcecf787b1cc3a1894",
                "sha256:a8bf8d0f749c5757af2142fe7903a9df1d2e8aa3841559b2bad34b08d0e2bcf3",
                "sha256:a9768c477b9d7bd54bc0c86dbaebdec6f03306675526c9927c0e8a04e8f94af9",
                "sha256:ac1c4a689edcc530fc9d9aa11f5774b9e2f33f9a0c6a57864e90908f5208d30a",
                "sha256:af2d8c67d8e573d6de5bc30cdb27e9b95e49115cd9baad5ddbd1a6207aaa82a9",
                "sha256:b435cba5f4f750aa6c0a0d92c541fb79f69a387c91e61f1795227e4ed9cece14",
                "sha256:b5b290ccc2a263e8d185130284f8501e3e36c5e02750fc6b6bdeb2e9e96f1e25",
                "sha256:b5d84d37db046c5ca74ee7bb47dd6cbc13f80665fdde3e8040bdd3fb015ecb50",
                "sha256:b7cf1017d601aa35e6bb650b6ad28652c9cd78ee6caff19f3c28d03e1c80acbf",
                "sha256:bc7637e2f80d8530ee4a78e878bce464f70087ce73cf7c1caf142416923b98f1",
                "sha256:c0463276121fdee9c49b98908b3a89c39be45d86d1dbaa22957e38f6321d4ce3",
                "sha256:c4ef880e27901b6cc782f1b95f82da9313c0eb95c3af699103088fa0ac3ce9ac",
                "sha256:c8ae8a0f02f57a6e61203a31428fa1d677cbe50c93622b4149d5c0f319c1d19e",
                "sha256:ca5862d5b3928c4940729dacc329aa9102900382fea192fc5e52eb69d6093815",
                "sha256:cb01158d8b88ee68f15949894ccc6712278243d95f344770fa7593fa2d94410c",
                "sha256:cb6254dc36b47a990e59e1068afacdcd02958bdcce30bb50cc1700a8b9d624a6",
                "sha256:cc00f04ed596e9dc0da42ed17ac5e596c6ccba999ba6bd92b0e0aef2f170f2d6",
                "sha256:cd09d08005f958f370f539f186d10aec3377d55b9eeb0d796025d4886119d76e",
                "sha256:cd4b7ca9984e5e7985c12bc60a6f173f3c958eae74f3ef6624bb6b26e2abbae4",
                "sha256:ce8a0633f41a967713a59c4139d29110c07e826d131a316b50ce11b1d79b4f84",
                "sha256:cead0978fc57397645f12578bfd2d5ea9138ea0fac82b2f63f7f7c6877986a69",
                "sha256:d055ec1e26e441f6187acf818b73564e6e6282709e9bcb5b63f5b23068356a15",
                "sha256:d1f13550535ad8cff21b8d757a3257963e951d96e20ec82ab44bc64aeb62a191",
                "sha256:d9c7f57c3d666a53421049053eaacdd14bbd0a528e2186fcb2e672effd053bb0",
                "sha256:d9e45d7faa48ee908174d8fe84854479ef838fc6a705c9315372eacbc2f02897",
                "sha256:da3326d9e65ef63a817ecbcc0df6e94463713b754fe293eaa03da99befb9a5bd",
                "sha256:de00632ca48df9daf77a2c65a484531649261ec9f25489917f09e455cb09ddb2",
                "sha256:e1f185f86a6f3403aa2420e815904c67b2f9ebc443f045edd0de921108345794",
                "sha256:e824f1492727fa856dd6eda4f7cee25f8518a12f3c4a56a74e8095695089cf6d",
                "sha256:e912091979546adf63357d7e2ccff9b44f026c075aeaf25a52d0e95ad2281074",
                "sha256:eaabd426fe94daf8fd157c32e571c85cb12e66692f15516a83a03264b08d06c3",
                "sha256:ebf3e58c7ec8a8bed6d66a75d7fb37b55e5015b03ceae72a8e7c74495551e224",
                "sha256:ecaae4149d99b1c9e7b88bb03e3221956f68fd6d50be2ef061b2381b61d20838",
                "sha256:eecbc200c7fd5ddb9a7f16c7decb07b566c29fa2161a16cf67b8d068bd21690a",
                "sha256:f155a433c2ec037d4e8df17d18922c3a0d9b3232a396690f17175d2946f0218d",
                "sha256:f1e34719c6ed0b92f418c7c780480b26b5d9c50349e9a9af7d76bf757530350d",
                "sha256:f34be2938726fc13801220747472850852fe6b1ea75869a048d6f896838c896f",
                "sha256:f820802628d2694cb7e56db99213f930856014862f3fd943d290ea8438d07ca8",
                "sha256:f8bf04158c6b607d747e93949aa60618b61312fe647a6369f88ce2ff16043490",
                "sha256:f8e160feb2aed042cd657a72acc0b481212ed28b1b9a95c0cee1621b524e1966",
                "sha256:f9d332f8c2a2fcbffe1378594431458ddbef721c1769d78e2cbc06280d8155f9",
                "sha256:fa09f53c465e532f4d3db095e0c55b615f010ad81803d383195b6b5ca6cbf5f3",
                "sha256:faa3a41b2b66b6e50f84ae4a68c64fcd0c44355741c6374813a800cd6695db9e",
                "sha256:fd44c878ea55ba351104cb93cc85e74916eb8fa440ca7903e57575e97394f608"
            ],
            "markers": "python_version >= '3.7'",
            "version": "==3.4.4"
        },
        "django": {
            "hashes": [
                "sha256:49a23c1b83ef31525f8d71a57b040f91d34660edb3f086280a8519855655ed3c",
                "sha256:a4b9cd881991add394cafa8bb3b11ad1742d1e1470ba99c3ef53dc540316ccfe"
            ],
            "markers": "python_version >= '3.8'",
            "version": "==4.2.28"
        },
        "django-cors-headers": {
            "hashes": [
                "sha256:6fdf31bf9c6d6448ba09ef57157db2268d515d94fc5c89a0a1028e1fc03ee52b",
                "sha256:f1c125dcd58479fe7a67fe2499c16ee38b81b397463cf025f0e2c42937421070"
            ],
            "index": "pypi",
            "markers": "python_version >= '3.9'",
            "version": "==4.7.0"
        },
        "django-rest-knox": {
            "hashes": [
                "sha256:694da5d0ad6eb3edbfd7cdc8d69c089fc074e6b0e548e00ff2750bf2fdfadb6f",
                "sha256:f283622bcf5d28a6a0203845c065d06c7432efa54399ae32070c61ac03af2d6f"
            ],
            "index": "pypi",
            "markers": "python_version >= '3.8'",
            "version": "==5.0.2"
        },
        "django-stubs": {
            "hashes": [
                "sha256:716758ced158b439213062e52de6df3cff7c586f9f9ad7ab59210efbea5dfe78",
                "sha256:8c230bc5bebee6da282ba8a27ad1503c84a0c4cd2f46e63d149e76d2a63e639a"
            ],
            "markers": "python_version >= '3.8'",
            "version": "==5.1.3"
        },
        "django-stubs-ext": {
            "hashes": [
                "sha256:3e60f82337f0d40a362f349bf15539144b96e4ceb4dbd0239be1cd71f6a74ad0",
                "sha256:64561fbc53e963cc1eed2c8eb27e18b8e48dcb90771205180fe29fc8a59e55fd"
            ],
            "markers": "python_version >= '3.8'",
            "version": "==5.1.3"
        },
        "djangorestframework": {
            "hashes": [
                "sha256:bea7e9f6b96a8584c5224bfb2e4348dfb3f8b5e34edbecb98da258e892089361",
                "sha256:f022ff46613584de994c0c6a4aebbace5fd700555fbe9d33b865ebf173eba6c9"
            ],
            "index": "pypi",
            "markers": "python_version >= '3.9'",
            "version": "==3.16.0"
        },
        "djangorestframework-stubs": {
            "hashes": [
                "sha256:3add29ac343292ffc926a3f3984af42de237cca214c69ca0489d124315a803bc",
                "sha256:e7bdec722d98b8a8049bad9f8bb5ead0931f4f64010ffb3c4538c9ae0f35ef2a"
            ],
            "index": "pypi",
            "markers": "python_version >= '3.9'",
            "version": "==3.15.3"
        },
        "idna": {
            "hashes": [
                "sha256:771a87f49d9defaf64091e6e6fe9c18d4833f140bd19464795bc32d966ca37ea",
                "sha256:795dafcc9c04ed0c1fb032c2aa73654d8e8c5023a7df64a53f39190ada629902"
            ],
            "markers": "python_version >= '3.8'",
            "version": "==3.11"
        },
        "psycopg": {
            "extras": [
                "binary"
            ],
            "hashes": [
                "sha256:9afa609c7ebf139827a38c0bf61be9c024a3ed743f56443de9d38e1efc260bf3",
                "sha256:d39747d2d5b9658b69fa462ad21d31f1ba4a5722ad1d0cb952552bc0b4125451"
            ],
            "markers": "python_version >= '3.8'",
            "version": "==3.2.7"
        },
        "psycopg-binary": {
            "hashes": [
                "sha256:00ba447b23daaacd9391c6a7ee0781e0860af72d0742c4d261df07940d601e29",
                "sha256:0350ba9a14295b266fba83d5a691511bf4ceb5df863973b525230fd15fd483f2",
                "sha256:03994806e62e795b1b286c60bb5d23e1cc3982b06192e87ec4dff0a0f7c528e2",
                "sha256:05a7265e80b362b93af2dbea0cd8828e6cbbb6daea97f2b0b4f29e61bd34b2e3",
                "sha256:063f5a56ccab2b9eef58f55437cff78c59c5562ebb5f7453ecd480f038b045dc",
                "sha256:0ccff5f988345dad22146f165e4395b37b9f4f3e3dd42eedad6627e791a8c8b4",
                "sha256:17ab2b4c2722138b7a6eb42d139ad8e5fed792574c1069f27abf8f8ebb0d7f75",
                "sha256:18b1cd14d99d358483c665355eebb650f5e76f2d41c942fe6d0836b0fe76fbf0",
                "sha256:1d2288a7f1d0dec1ccce50b4470751acb563689048752fdbf7a4a804df3a0e0d",
                "sha256:2321b6edfb4ca38a3446d5e88abe9ce78c04fc616d05a598ffe7cc5e2535c1fc",
                "sha256:239e24fa33c6213320da0aee72d541e4780adb21753fc692337043c235118cf1",
                "sha256:25a3527a26b7589434a3eb52ad32b1f67e1af034cb17bd36a77344896d54b403",
                "sha256:26b1b7e39fa5139f99cb02a186dfa447c41f7e55c0aebb5f2da6ddf5b6ec5b32",
                "sha256:2a2e82ccee04feb93bf4fd41fc56b6a961611059b777c3187321c943242c9e4e",
                "sha256:2cf25feb92dceb5739dd029a047664a02f5df25a5e086d577cae810daf6a302a",
                "sha256:33bb035e6f9b4911291472d6b5386b283fc835b97d2b1dc57f2ff82f777cb9f2",
                "sha256:359b2056e1203010c0044c12a3f933d522c613d7ee280d84be3643458f416796",
                "sha256:3b280862c623616e0ced03602c98b44f51ab8cdaaad31f6b3523a2a68b2f92a4",
                "sha256:3c02790afcc6d82d1b9d886d9323f955c5c998693966c4c1e6d0ff9a96276a1e",
                "sha256:47e9d09b4f898eaf46cd2b7433f9e6faa935246a9d8983b4f88f0a46809abbd2",
                "sha256:4d001950bcabb725e003609073b83678962e9308e0b194a5227d6758ba8d46e0",
                "sha256:506db31c1e08e8fb8132e4dce7708fe9aeedc3908d3ed10a3ea76e463d6ea904",
                "sha256:519d7d8f35c5392599a5f5ceb9ebaa50881024fb6ecd32ea55436c8e3cda27cc",
                "sha256:51a45bfd428a0af0f42838e4f744a39ddbddc1a131e89551e569a9ed4bfd97a6",
                "sha256:532b5c8a9ec70173812fbba26bbd5cf57c0f1c680907d637ddbb1be15dbf89d7",
                "sha256:57acabe70587b65471b9f42593ec9bb17d317118e0dbe92d7173f0a75939150a",
                "sha256:5d1c97a7c57e83b55172b585702744cd6bdad37c7a18cabdf55ba1e5a66ce476",
                "sha256:5ff4c97a04eeb11d54d4c8ca22459e2cca9a423e7f397c29ae311c6e7c784d49",
                "sha256:64d959a17ac2f1ff87a191786f66ae452791fbe73cee7375f2dafd2696e605a9",
                "sha256:69310b8dc1277556711f6818b75a92581ae6c3cd2ca3c9c0798caf15976a8562",
                "sha256:70632c9687731c8d0c9c72fbb73893e82ba4a2cdc8ffdd4c5bbcef51cc9c6b16",
                "sha256:72a3fb7cd7da15157bf63792db7346dfe2a07e3bc6ff702c7e8a76719e6efca0",
                "sha256:73349f876b7288200c576c5c14b29c5f3266fb30598c3723dc57cfe05adf3121",
                "sha256:76e55ec30b3947b921f267795ffd2f433c65fc8a41adc4939fd9ccfb0f5b0322",
                "sha256:77709be5dc45828ca06d9d87fa7b065720fb87b1aa3e72d44177562f1df50ad2",
                "sha256:82369aa7cfbff19d65182698ee542af75d90c27284201d718f54f7b52480f730",
                "sha256:82e9ee9943da44a08f737d80c9b3878f9d4916a947cf182cd183f81e825cc41d",
                "sha256:8b5133fdddfd0da76e72add375fc79eee5d741c32c99e602aecdaa543d2e3466",
                "sha256:8eee57667fdd8a1cd8c4c2dc7350914267baf4d699690d44e439df9ae9148e7a",
                "sha256:93a6350514ad348327f6a5cfb6c8fe29ccba9b6cdb9ffea09bb4b57a27cca18d",
                "sha256:93f3937f293a30310501204bf0833704283675a8819a395bea8e352a5abaee84",
                "sha256:9ec1e7287d80a22d58030862e57389654fc618ae70eeeb54e1f82fe86454ad06",
                "sha256:a15c88f1695c8dc8b90625931fe86909c74f7770bad7312999ee6babb0143dcc",
                "sha256:a1e4c873cf553276cfe28ae0ec9cd969c43ef722616d092f8b17b5d69fd5c839",
                "sha256:a8d3c8df6eb652e8140b24941b4da8bd07bfa7564101e9dee496a28683f7c2f8",
                "sha256:aa2cef360f8fd108eb9100427914e814722e1ded4631d23304865c88e69f6bbf",
                "sha256:ac0b823a0b199d36e0570d5d2a1154ae767073907496a2e436a236e388fc0c97",
                "sha256:add318f12dc2be4d8a817e70c38cfd23a2af80ff6f871089e63012b62bf96f00",
                "sha256:b394542a8b0706102a86c7006978848cf1748f4191e0e0e32b1f814b63ae7d68",
                "sha256:b404c1a091dd034254694ae56111c69f07d54419c5436366c5b3af2aac9dce04",
                "sha256:b44a2c5e85d047f1fe54dc297c128f7ef375435a6cf583886a8d701c75716cd4",
                "sha256:c3781beaffb33fce17d8f137b003ebd930a7148eab2a1f60628e86c3d67884ea",
                "sha256:d2a9aa6ddfd6a8fb5756498ccb7a3a4f9cd87906d9e8ac36b69e116b7104b891",
                "sha256:d31c0523e0294e008d9031f2f2034a010f043ae8c7af0589d614b0bf6ed6e6aa",
                "sha256:de12375a49e70a6ac52431aa92b9c2e4ca01fea4fa872b4cd31e19028e3095d7",
                "sha256:e3ac59a0d067199d7d438d36248e31919987e69854db196f7133f0c89d4489a1",
                "sha256:e7f1d2dc575b00d951317b788a2244fdfcdd1503221ebc7e479220f6e3414aa4",
                "sha256:ebca1fd4b59523e3127eba7257bf764e80cddd9444b7f0d2870210ffc80ac688",
                "sha256:ed59c833678b55932f78aa60e85691b40fd7d2058ad60ca369fc4f908218c688",
                "sha256:ef399143d63bd67febe92b923dc6bd56bc8a9c3581a68bc8982eed75963ad169",
                "sha256:f2371822bc0b35ad735298964d531f95e59cfa2d31b87408f7d63ae78173279c",
                "sha256:f3a34757170706c67be94b248db458d3602269828a067a84bdc536869d35fed5",
                "sha256:f5a2ebd0772c059e521b70a826a11b962fcba465b001fd655ca6aba10dc9432d",
                "sha256:f6a10440bc02ed3a0ac1cb2d61e117273ce20e3d103061452acc7ed2c9a89e53",
                "sha256:fd35ddbbfbe3cbe00a2b578defc7365e5e047e4fa9b803659bd4e8c3962069e7"
            ],
            "version": "==3.2.7"
        },
        "requests": {
            "hashes": [
                "sha256:2462f94637a34fd532264295e186976db0f5d453d1cdd31473c85a6a161affb6",
                "sha256:dbba0bac56e100853db0ea71b82b4dfd5fe2bf6d3754a8893c3af500cec7d7cf"
            ],
            "markers": "python_version >= '3.9'",
            "version": "==2.32.5"
        },
        "sqlparse": {
            "hashes": [
                "sha256:12a08b3bf3eec877c519589833aed092e2444e68240a3577e8e26148acc7b1ba",
                "sha256:e20d4a9b0b8585fdf63b10d30066c7c94c5d7a7ec47c889a2d83a3caa93ff28e"
            ],
            "markers": "python_version >= '3.8'",
            "version": "==0.5.5"
        },
        "tomli": {
            "hashes": [
                "sha256:0408e3de5ec77cc7f81960c362543cbbd91ef883e3138e81b729fc3eea5b9729",
                "sha256:0dc56fef0e2c1c470aeac5b6ca8cc7b640bb93e92d9803ddaf9ea03e198f5b0b",
                "sha256:0e0fe8a0b8312acf3a88077a0802565cb09ee34107813bba1c7cd591fa6cfc8d",
                "sha256:0f2e3955efea4d1cfbcb87bc321e00dc08d2bcb737fd1d5e398af111d86db5df",
                "sha256:133e93646ec4300d651839d382d63edff11d8978be23da4cc106f5a18b7d0576",
                "sha256:1b168f2731796b045128c45982d3a4874057626da0e2ef1fdd722848b741361d",
                "sha256:1c8a885b370751837c029ef9bc014f27d80840e48bac415f3412e6593bbc18c1",
                "sha256:1f776e7d669ebceb01dee46484485f43a4048746235e683bcdffacdf1fb4785a",
                "sha256:1fb2945cbe303b1419e2706e711b7113da57b7db31ee378d08712d678a34e51e",
                "sha256:20cedb4ee43278bc4f2fee6cb50daec836959aadaf948db5172e776dd3d993fc",
                "sha256:20ffd184fb1df76a66e34bd1b36b4a4641bd2b82954befa32fe8163e79f1a702",
                "sha256:26ab906a1eb794cd4e103691daa23d95c6919cc2fa9160000ac02370cc9dd3f6",
                "sha256:2add28aacc7425117ff6364fe9e06a183bb0251b03f986df0e78e974047571fd",
                "sha256:2b1e3b80e1d5e52e40e9b924ec43d81570f0e7d09d11081b797bc4692765a3d4",
                "sha256:31d556d079d72db7c584c0627ff3a24c5d3fb4f730221d3444f3efb1b2514776",
                "sha256:36b9d05b51e65b254ea6c2585b59d2c4cb91c8a3d91d0ed0f17591a29aaea54a",
                "sha256:39b0b5d1b6dd03684b3fb276407ebed7090bbec989fa55838c98560c01113b66",
                "sha256:3cf226acb51d8f1c394c1b310e0e0e61fecdd7adcb78d01e294ac297dd2e7f87",
                "sha256:3d895d56bd3f82ddd6faaff993c275efc2ff38e52322ea264122d72729dca2b2",
                "sha256:413540dce94673591859c4c6f794dfeaa845e98bf35d72ed59636f869ef9f86f",
                "sha256:43e685b9b2341681907759cf3a04e14d7104b3580f808cfde1dfdb60ada85475",
                "sha256:4cbcb367d44a1f0c2be408758b43e1ffb5308abe0ea222897d6bfc8e8281ef2f",
                "sha256:551e321c6ba03b55676970b47cb1b73f14a0a4dce6a3e1a9458fd6d921d72e95",
                "sha256:5572e41282d5268eb09a697c89a7bee84fae66511f87533a6f88bd2f7b652da9",
                "sha256:5aa48d7c2356055feef06a43611fc401a07337d5b006be13a30f6c58f869e3c3",
                "sha256:5b5807f3999fb66776dbce568cc9a828544244a8eb84b84b9bafc080c99597b9",
                "sha256:5e3f639a7a8f10069d0e15408c0b96a2a828cfdec6fca05296ebcdcc28ca7c76",
                "sha256:685306e2cc7da35be4ee914fd34ab801a6acacb061b6a7abca922aaf9ad368da",
                "sha256:75c2f8bbddf170e8effc98f5e9084a8751f8174ea6ccf4fca5398436e0320bc8",
                "sha256:7b438885858efd5be02a9a133caf5812b8776ee0c969fea02c45e8e3f296ba51",
                "sha256:7d49c66a7d5e56ac959cb6fc583aff0651094ec071ba9ad43df785abc2320d86",
                "sha256:7d6d9a4aee98fac3eab4952ad1d73aee87359452d1c086b5ceb43ed02ddb16b8",
                "sha256:84d081fbc252d1b6a982e1870660e7330fb8f90f676f6e78b052ad4e64714bf0",
                "sha256:8768715ffc41f0008abe25d808c20c3d990f42b6e2e58305d5da280ae7d1fa3b",
                "sha256:920b1de295e72887bafa3ad9f7a792f811847d57ea6b1215154030cf131f16b1",
                "sha256:9a08144fa4cba33db5255f9b74f0b89888622109bd2776148f2597447f92a94e",
                "sha256:a26d7ff68dfdb9f87a016ecfd1e1c2bacbe3108f4e0f8bcd2228ef9a766c787d",
                "sha256:aa89c3f6c277dd275d8e243ad24f3b5e701491a860d5121f2cdd399fbb31fc9c",
                "sha256:b5ef256a3fd497d4973c11bf142e9ed78b150d36f5773f1ca6088c230ffc5867",
                "sha256:b6c78bdf37764092d369722d9946cb65b8767bfa4110f902a1b2542d8d173c8a",
                "sha256:bbb1b10aa643d973366dc2cb1ad94f99c1726a02343d43cbc011edbfac579e7c",
                "sha256:c084ad935abe686bd9c898e62a02a19abfc9760b5a79bc29644463eaf2840cb0",
                "sha256:c73add4bb52a206fd0c0723432db123c0c75c280cbd67174dd9d2db228ebb1b4",
                "sha256:cae9c19ed12d4e8f3ebf46d1a75090e4c0dc16271c5bce1c833ac168f08fb614",
                "sha256:d20b797a5c1ad80c516e41bc1fb0443ddb5006e9aaa7bda2d71978346aeb9132",
                "sha256:d3d1654e11d724760cdb37a3d7691f0be9db5fbdaef59c9f532aabf87006dbaa",
                "sha256:d878f2a6707cc9d53a1be1414bbb419e629c3d6e67f69230217bb663e76b5087"
            ],
            "markers": "python_version >= '3.8'",
            "version": "==2.4.0"
        },
        "types-pyyaml": {
            "hashes": [
                "sha256:0f8b54a528c303f0e6f7165687dd33fafa81c807fcac23f632b63aa624ced1d3",
                "sha256:e7d4d9e064e89a3b3cae120b4990cd370874d2bf12fa5f46c97018dd5d3c9ab6"
            ],
            "markers": "python_version >= '3.9'",
            "version": "==6.0.12.20250915"
        },
        "types-requests": {
            "hashes": [
                "sha256:018a11ac158f801bfa84857ddec1650750e393df8a004a8a9ae2a9bec6fcb24f",
                "sha256:b703fe72f8ce5b31ef031264fe9395cac8f46a04661a79f7ed31a80fb308730d"
            ],
            "markers": "python_version >= '3.9'",
            "version": "==2.32.4.20260107"
        },
        "typing-extensions": {
            "hashes": [
                "sha256:0cea48d173cc12fa28ecabc3b837ea3cf6f38c6d1136f85cbaaf598984861466",
                "sha256:f0fa19c6845758ab08074a0cfa8b7aecb71c999ca73d62883bc25cc018c4e548"
            ],
            "markers": "python_version >= '3.9'",
            "version": "==4.15.0"
        },
        "urllib3": {
            "hashes": [
                "sha256:1b62b6884944a57dbe321509ab94fd4d3b307075e0c2eae991ac71ee15ad38ed",
                "sha256:bf272323e553dfb2e87d9bfd225ca7b0f467b919d7bbd355436d3fd37cb0acd4"
            ],
            "markers": "python_version >= '3.9'",
            "version": "==2.6.3"
        }
    },
    "develop": {}
}
